
Microsoft Visual Studio Solution File, Format Version 12.00
# Visual Studio 15
VisualStudioVersion = 15.0.27130.2010
MinimumVisualStudioVersion = 10.0.40219.1
Project("{2150E333-8FDC-42A3-9474-1A3956D46DE8}") = "Solution Items", "Solution Items", "{F3A3A6C1-5145-4C11-91D1-FE16ECF4A9FA}"
	ProjectSection(SolutionItems) = preProject
		appveyor.yml = appveyor.yml
		NuGet.Config = NuGet.Config
		README.md = README.md
	EndProjectSection
EndProject
Project("{2150E333-8FDC-42A3-9474-1A3956D46DE8}") = "src", "src", "{DFF41939-F7F6-4A05-9236-D8ABAF2C893C}"
EndProject
Project("{FAE04EC0-301F-11D3-BF4B-00C04F79EFBC}") = "toofz.NecroDancer.Web.Api", "src\toofz.NecroDancer.Web.Api\toofz.NecroDancer.Web.Api.csproj", "{E12701AD-3E9F-4663-8C69-48584BA48B1F}"
EndProject
Project("{2150E333-8FDC-42A3-9474-1A3956D46DE8}") = "test", "test", "{DE9B5363-DAC2-4EC1-9223-CA0244A06DEA}"
EndProject
Project("{FAE04EC0-301F-11D3-BF4B-00C04F79EFBC}") = "toofz.NecroDancer.Web.Api.Tests", "test\toofz.NecroDancer.Web.Api.Tests\toofz.NecroDancer.Web.Api.Tests.csproj", "{09512305-6F9C-4BCA-B851-C2652B064978}"
EndProject
Global
	GlobalSection(SolutionConfigurationPlatforms) = preSolution
		Debug|Any CPU = Debug|Any CPU
		Production|Any CPU = Production|Any CPU
		Release|Any CPU = Release|Any CPU
	EndGlobalSection
	GlobalSection(ProjectConfigurationPlatforms) = postSolution
		{E12701AD-3E9F-4663-8C69-48584BA48B1F}.Debug|Any CPU.ActiveCfg = Debug|Any CPU
		{E12701AD-3E9F-4663-8C69-48584BA48B1F}.Debug|Any CPU.Build.0 = Debug|Any CPU
		{E12701AD-3E9F-4663-8C69-48584BA48B1F}.Production|Any CPU.ActiveCfg = Production|Any CPU
		{E12701AD-3E9F-4663-8C69-48584BA48B1F}.Production|Any CPU.Build.0 = Production|Any CPU
		{E12701AD-3E9F-4663-8C69-48584BA48B1F}.Release|Any CPU.ActiveCfg = Release|Any CPU
		{E12701AD-3E9F-4663-8C69-48584BA48B1F}.Release|Any CPU.Build.0 = Release|Any CPU
		{09512305-6F9C-4BCA-B851-C2652B064978}.Debug|Any CPU.ActiveCfg = Debug|Any CPU
		{09512305-6F9C-4BCA-B851-C2652B064978}.Debug|Any CPU.Build.0 = Debug|Any CPU
		{09512305-6F9C-4BCA-B851-C2652B064978}.Production|Any CPU.ActiveCfg = Production|Any CPU
		{09512305-6F9C-4BCA-B851-C2652B064978}.Production|Any CPU.Build.0 = Production|Any CPU
		{09512305-6F9C-4BCA-B851-C2652B064978}.Release|Any CPU.ActiveCfg = Release|Any CPU
		{09512305-6F9C-4BCA-B851-C2652B064978}.Release|Any CPU.Build.0 = Release|Any CPU
	EndGlobalSection
	GlobalSection(SolutionProperties) = preSolution
		HideSolutionNode = FALSE
	EndGlobalSection
	GlobalSection(NestedProjects) = preSolution
		{E12701AD-3E9F-4663-8C69-48584BA48B1F} = {DFF41939-F7F6-4A05-9236-D8ABAF2C893C}
		{09512305-6F9C-4BCA-B851-C2652B064978} = {DE9B5363-DAC2-4EC1-9223-CA0244A06DEA}
	EndGlobalSection
	GlobalSection(ExtensibilityGlobals) = postSolution
		SolutionGuid = {1FE8155C-AB53-48E9-81D2-59561617FD72}
	EndGlobalSection
EndGlobal
